# This file is autogenerated, do not edit; changes may be undone by the next 'dep ensure'.


[[projects]]
  digest = "1:ebaeb414df9abd72ff910cbd5ea19a4c6c98febbbef756eb07fb6e66b8148ba2"
  name = "github.com/DataDog/datadog-go"
  packages = ["statsd"]
  pruneopts = "UT"
  revision = "8a13fa761f51039f900738876f2837198fba804f"
  version = "2.2.0"

[[projects]]
  branch = "master"
  digest = "1:315c5f2f60c76d89b871c73f9bd5fe689cad96597afd50fb9992228ef80bdd34"
  name = "github.com/alecthomas/template"
  packages = [
    ".",
    "parse",
  ]
  pruneopts = "UT"
  revision = "a0175ee3bccc567396460bf5acd36800cb10c49c"

[[projects]]
  branch = "master"
  digest = "1:c198fdc381e898e8fb62b8eb62758195091c313ad18e52a3067366e1dda2fb3c"
  name = "github.com/alecthomas/units"
  packages = ["."]
  pruneopts = "UT"
  revision = "2efee857e7cfd4f3d0138cc3cbb1b4966962b93a"

[[projects]]
  branch = "master"
  digest = "1:fe11c91fc456e898be44dcfe6c2415941f2fb40e812ed0b7121c920fb7b03e1f"
  name = "github.com/cloudflare/cfssl"
  packages = [
    "bundler",
    "crypto/pkcs7",
    "errors",
    "helpers",
    "helpers/derhelpers",
    "log",
    "ubiquity",
  ]
  pruneopts = "UT"
  revision = "9c027c93ba9e044bfffb63b78f9174075413bc9e"

[[projects]]
  digest = "1:ffe9824d294da03b391f44e1ae8281281b4afc1bdaa9588c9097785e3af10cec"
  name = "github.com/davecgh/go-spew"
  packages = ["spew"]
  pruneopts = "UT"
  revision = "8991bc29aa16c548c550c7ff78260e27b9ab7c73"
  version = "v1.1.1"

[[projects]]
  branch = "master"
  digest = "1:526f07b4fd255d13249ce5d2eab8ba13bbda21e6aba4a036ff00502909148d5b"
  name = "github.com/go-phorce/dolly"
  packages = [
    "algorithms/guid",
    "algorithms/math",
    "fileutil/resolve",
    "metrics",
    "metrics/tags",
    "metrics/util",
    "netutil",
    "rest",
    "rest/ready",
    "rest/tlsconfig",
    "tasks",
    "xhttp",
    "xhttp/authz",
    "xhttp/header",
    "xhttp/httperror",
    "xhttp/identity",
    "xhttp/marshal",
    "xlog",
    "xlog/logrotate",
    "xpki/armor",
    "xpki/certutil",
    "xpki/crypto11",
    "xpki/cryptoprov",
    "xpki/gpg",
  ]
  pruneopts = "UT"
  revision = "ae9841ca3238ba8adfa9af68f172a3aa6bdf0835"

[[projects]]
  digest = "1:0f1010da61da43ef23bae5c43a619abda82e04f409ec642e6bdeee0d7736530d"
  name = "github.com/google/certificate-transparency-go"
  packages = [
    ".",
    "asn1",
    "tls",
    "x509",
    "x509/pkix",
  ]
  pruneopts = "UT"
  revision = "3629d6846518309d22c16fee15d1007262a459d2"
  version = "v1.0.21"

[[projects]]
  digest = "1:6e9806a06d00f4d1f90806d7b5cfb11e35dca76503390ca6e704b05ea7051bff"
  name = "github.com/hashicorp/go-immutable-radix"
  packages = ["."]
  pruneopts = "UT"
  revision = "7dd1121b595e4e1bd6dd5caa78e0f5c454740379"
  version = "v1.1.0"

[[projects]]
  digest = "1:67474f760e9ac3799f740db2c489e6423a4cde45520673ec123ac831ad849cb8"
  name = "github.com/hashicorp/golang-lru"
  packages = ["simplelru"]
  pruneopts = "UT"
  revision = "7087cb70de9f7a8bc0a10c375cb0d2280a8edf9c"
  version = "v0.5.1"

[[projects]]
  branch = "master"
  digest = "1:5c3444689562053b027ef3b96372e306adbe0d7d109b6cdd48d01eb80f8bab14"
  name = "github.com/jinzhu/copier"
  packages = ["."]
  pruneopts = "UT"
  revision = "7e38e58719c33e0d44d585c4ab477a30f8cb82dd"

[[projects]]
  branch = "master"
  digest = "1:60835a4fa946b3c4b595438a07d447305ed4fc9ce95a7a5d0c06ffeea490d5a9"
  name = "github.com/juju/errors"
  packages = ["."]
  pruneopts = "UT"
  revision = "e65537c515d77e35697c471d6c2755375cb3adc4"

[[projects]]
  digest = "1:f97285a3b0a496dcf8801072622230d513f69175665d94de60eb042d03387f6c"
  name = "github.com/julienschmidt/httprouter"
  packages = ["."]
  pruneopts = "UT"
  revision = "348b672cd90d8190f8240323e372ecd1e66b59dc"
  version = "v1.2.0"

[[projects]]
  digest = "1:12e040850c7c951d0fb7bf0300671f1f2e2aae3fc95c2817c2c01875322ebabc"
  name = "github.com/miekg/pkcs11"
  packages = ["."]
  pruneopts = "UT"
  revision = "cb39313ec884f2cd77f4762875fe96aecf68f8e3"
  version = "v1.0.2"

[[projects]]
  digest = "1:0028cb19b2e4c3112225cd871870f2d9cf49b9b4276531f03438a88e94be86fe"
  name = "github.com/pmezard/go-difflib"
  packages = ["difflib"]
  pruneopts = "UT"
  revision = "792786c7400a136282c1664665ae0a8db921c6c2"
  version = "v1.0.0"

[[projects]]
  digest = "1:b0c25f00bad20d783d259af2af8666969e2fc343fa0dc9efe52936bbd67fb758"
  name = "github.com/rs/cors"
  packages = ["."]
  pruneopts = "UT"
  revision = "9a47f48565a795472d43519dd49aac781f3034fb"
  version = "v1.6.0"

[[projects]]
  digest = "1:5da8ce674952566deae4dbc23d07c85caafc6cfa815b0b3e03e41979cedb8750"
  name = "github.com/stretchr/testify"
  packages = [
    "assert",
    "require",
  ]
  pruneopts = "UT"
  revision = "ffdc059bfe9ce6a4e144ba849dbedead332c6053"
  version = "v1.3.0"

[[projects]]
  digest = "1:d0072748c62defde1ad99dde77f6ffce492a0e5aea9204077e497c7edfb86653"
  name = "github.com/ugorji/go"
  packages = ["codec"]
  pruneopts = "UT"
  revision = "2adff0894ba3bc2eeb9f9aea45fefd49802e1a13"
  version = "v1.1.4"

[[projects]]
  digest = "1:2773e4e922e5af534775962ffef08770b8114e177590f7605886528d37417105"
  name = "go.uber.org/dig"
  packages = [
    ".",
    "internal/digreflect",
    "internal/dot",
  ]
  pruneopts = "UT"
  revision = "7ff117f761a3f1b3eb521945c17a1091438eb6de"
  version = "v1.7.0"

[[projects]]
  branch = "master"
  digest = "1:eef0c55d77ec9be2a3f8ce669c442e5778ef6c98dc7dbb3b997facc2c07a7edc"
  name = "golang.org/x/crypto"
  packages = [
    "cast5",
    "cryptobyte",
    "cryptobyte/asn1",
    "ed25519",
    "ed25519/internal/edwards25519",
    "ocsp",
    "openpgp",
    "openpgp/armor",
    "openpgp/elgamal",
    "openpgp/errors",
    "openpgp/packet",
    "openpgp/s2k",
    "pkcs12",
    "pkcs12/internal/rc2",
  ]
  pruneopts = "UT"
  revision = "f99c8df09eb5bff426315721bfa5f16a99cad32c"

[[projects]]
  digest = "1:c06d9e11d955af78ac3bbb26bd02e01d2f61f689e1a3bce2ef6fb683ef8a7f2d"
  name = "gopkg.in/alecthomas/kingpin.v2"
  packages = ["."]
  pruneopts = "UT"
  revision = "947dcec5ba9c011838740e680966fd7087a71d0d"
  version = "v2.2.6"

[[projects]]
  digest = "1:c805e517269b0ba4c21ded5836019ed7d16953d4026cb7d00041d039c7906be9"
  name = "gopkg.in/natefinch/lumberjack.v2"
  packages = ["."]
  pruneopts = "UT"
  revision = "a96e63847dc3c67d17befa69c303767e2f84e54f"
  version = "v2.1"

[solve-meta]
  analyzer-name = "dep"
  analyzer-version = 1
  input-imports = [
    "github.com/go-phorce/dolly/fileutil/resolve",
    "github.com/go-phorce/dolly/netutil",
    "github.com/go-phorce/dolly/rest",
    "github.com/go-phorce/dolly/rest/tlsconfig",
    "github.com/go-phorce/dolly/xhttp/authz",
    "github.com/go-phorce/dolly/xlog",
    "github.com/go-phorce/dolly/xlog/logrotate",
    "github.com/go-phorce/dolly/xpki/cryptoprov",
    "github.com/juju/errors",
    "github.com/stretchr/testify/assert",
    "github.com/stretchr/testify/require",
    "go.uber.org/dig",
    "gopkg.in/alecthomas/kingpin.v2",
  ]
  solver-name = "gps-cdcl"
  solver-version = 1
